<Solution>
  <Project Path="Garmetix.Core/Garmetix.Core.csproj" />
  <Project Path="Garmetix.Data/Garmetix.Data.csproj" />
  <Project Path="Garmetix.ERP/Garmetix.ERP.csproj">
    <Deploy Solution="Debug|*" />
  </Project>
  <Project Path="Garmetix.UI/Garmetix.UI.csproj" Id="6c71b00c-be4d-4bed-964b-55dba0f526e6" />
</Solution>
